# THIS IS AN AUTOGENERATED FILE. DO NOT EDIT THIS FILE DIRECTLY.
# yarn lockfile v1


"@learnlerna/shared@^1.0.4-alpha.0":
  version "1.0.4-alpha.0"
  resolved "https://registry.yarnpkg.com/@learnlerna/shared/-/shared-1.0.4-alpha.0.tgz#9269708718d5d4e26227bc18337186cfd4a0dabf"
  integrity sha512-PVO4IV4e9uN1wh+xos/ZMEuDxz+nAKAbTYkmr+WxQj1wse3KnRhChxNe3XIwzoiMWU9tomwuorFTYknN+nLbzg==
